// !$*UTF8*$!
{
	archiveVersion = 1;
	classes = {
	};
	objectVersion = 55;
	objects = {

/* Begin PBXBuildFile section */
		3536724C289A6E1E00764E63 /* ExpandAnimation.swift in Sources */ = {isa = PBXBuildFile; fileRef = 3536724B289A6E1E00764E63 /* ExpandAnimation.swift */; };
		357DE23B2887D3B600666EB6 /* AppDelegate.swift in Sources */ = {isa = PBXBuildFile; fileRef = 357DE23A2887D3B600666EB6 /* AppDelegate.swift */; };
		357DE23D2887D3B600666EB6 /* SceneDelegate.swift in Sources */ = {isa = PBXBuildFile; fileRef = 357DE23C2887D3B600666EB6 /* SceneDelegate.swift */; };
		357DE2442887D3B800666EB6 /* Assets.xcassets in Resources */ = {isa = PBXBuildFile; fileRef = 357DE2432887D3B800666EB6 /* Assets.xcassets */; };
		357DE2472887D3B800666EB6 /* LaunchScreen.storyboard in Resources */ = {isa = PBXBuildFile; fileRef = 357DE2452887D3B800666EB6 /* LaunchScreen.storyboard */; };
		655DFC76288C3B9F0039426B /* TimelineViewController.swift in Sources */ = {isa = PBXBuildFile; fileRef = 655DFC75288C3B9F0039426B /* TimelineViewController.swift */; };
		65B5AF0228902258007F32DD /* OutlineViewController.swift in Sources */ = {isa = PBXBuildFile; fileRef = 65B5AF0128902258007F32DD /* OutlineViewController.swift */; };
		65B5AF0928903380007F32DD /* ExpandViewController.swift in Sources */ = {isa = PBXBuildFile; fileRef = 65B5AF0828903380007F32DD /* ExpandViewController.swift */; };
		65B5AF0D289036EB007F32DD /* ExpandViewCell.swift in Sources */ = {isa = PBXBuildFile; fileRef = 65B5AF0C289036EB007F32DD /* ExpandViewCell.swift */; };
		65B5AF0F28903772007F32DD /* ExpandViewCell.xib in Resources */ = {isa = PBXBuildFile; fileRef = 65B5AF0E28903772007F32DD /* ExpandViewCell.xib */; };
		65B5AF11289037FC007F32DD /* ExpandView.xib in Resources */ = {isa = PBXBuildFile; fileRef = 65B5AF10289037FC007F32DD /* ExpandView.xib */; };
		65B5AF152891757D007F32DD /* TextCell.swift in Sources */ = {isa = PBXBuildFile; fileRef = 65B5AF142891757D007F32DD /* TextCell.swift */; };
/* End PBXBuildFile section */

/* Begin PBXFileReference section */
		3536724B289A6E1E00764E63 /* ExpandAnimation.swift */ = {isa = PBXFileReference; lastKnownFileType = sourcecode.swift; path = ExpandAnimation.swift; sourceTree = "<group>"; };
		357DE2372887D3B600666EB6 /* expand.app */ = {isa = PBXFileReference; explicitFileType = wrapper.application; includeInIndex = 0; path = expand.app; sourceTree = BUILT_PRODUCTS_DIR; };
		357DE23A2887D3B600666EB6 /* AppDelegate.swift */ = {isa = PBXFileReference; lastKnownFileType = sourcecode.swift; path = AppDelegate.swift; sourceTree = "<group>"; };
		357DE23C2887D3B600666EB6 /* SceneDelegate.swift */ = {isa = PBXFileReference; lastKnownFileType = sourcecode.swift; path = SceneDelegate.swift; sourceTree = "<group>"; };
		357DE2432887D3B800666EB6 /* Assets.xcassets */ = {isa = PBXFileReference; lastKnownFileType = folder.assetcatalog; path = Assets.xcassets; sourceTree = "<group>"; };
		357DE2462887D3B800666EB6 /* Base */ = {isa = PBXFileReference; lastKnownFileType = file.storyboard; name = Base; path = Base.lproj/LaunchScreen.storyboard; sourceTree = "<group>"; };
		357DE2482887D3B800666EB6 /* Info.plist */ = {isa = PBXFileReference; lastKnownFileType = text.plist.xml; path = Info.plist; sourceTree = "<group>"; };
		655DFC75288C3B9F0039426B /* TimelineViewController.swift */ = {isa = PBXFileReference; lastKnownFileType = sourcecode.swift; path = TimelineViewController.swift; sourceTree = "<group>"; };
		65B5AF0128902258007F32DD /* OutlineViewController.swift */ = {isa = PBXFileReference; lastKnownFileType = sourcecode.swift; path = OutlineViewController.swift; sourceTree = "<group>"; };
		65B5AF0828903380007F32DD /* ExpandViewController.swift */ = {isa = PBXFileReference; lastKnownFileType = sourcecode.swift; path = ExpandViewController.swift; sourceTree = "<group>"; };
		65B5AF0C289036EB007F32DD /* ExpandViewCell.swift */ = {isa = PBXFileReference; lastKnownFileType = sourcecode.swift; path = ExpandViewCell.swift; sourceTree = "<group>"; };
		65B5AF0E28903772007F32DD /* ExpandViewCell.xib */ = {isa = PBXFileReference; fileEncoding = 4; lastKnownFileType = file.xib; path = ExpandViewCell.xib; sourceTree = "<group>"; };
		65B5AF10289037FC007F32DD /* ExpandView.xib */ = {isa = PBXFileReference; lastKnownFileType = file.xib; path = ExpandView.xib; sourceTree = "<group>"; };
		65B5AF142891757D007F32DD /* TextCell.swift */ = {isa = PBXFileReference; lastKnownFileType = sourcecode.swift; path = TextCell.swift; sourceTree = "<group>"; };
/* End PBXFileReference section */

/* Begin PBXFrameworksBuildPhase section */
		357DE2342887D3B600666EB6 /* Frameworks */ = {
			isa = PBXFrameworksBuildPhase;
			buildActionMask = 2147483647;
			files = (
			);
			runOnlyForDeploymentPostprocessing = 0;
		};
/* End PBXFrameworksBuildPhase section */

/* Begin PBXGroup section */
		357DE22E2887D3B600666EB6 = {
			isa = PBXGroup;
			children = (
				357DE2392887D3B600666EB6 /* expand */,
				357DE2382887D3B600666EB6 /* Products */,
			);
			sourceTree = "<group>";
		};
		357DE2382887D3B600666EB6 /* Products */ = {
			isa = PBXGroup;
			children = (
				357DE2372887D3B600666EB6 /* expand.app */,
			);
			name = Products;
			sourceTree = "<group>";
		};
		357DE2392887D3B600666EB6 /* expand */ = {
			isa = PBXGroup;
			children = (
				65CF482328882F4600DDED85 /* views */,
				357DE23A2887D3B600666EB6 /* AppDelegate.swift */,
				357DE23C2887D3B600666EB6 /* SceneDelegate.swift */,
				65B5AF0128902258007F32DD /* OutlineViewController.swift */,
				357DE2432887D3B800666EB6 /* Assets.xcassets */,
				357DE2452887D3B800666EB6 /* LaunchScreen.storyboard */,
				357DE2482887D3B800666EB6 /* Info.plist */,
			);
			path = expand;
			sourceTree = "<group>";
		};
		655DFC74288C3B890039426B /* Timeline */ = {
			isa = PBXGroup;
			children = (
				655DFC75288C3B9F0039426B /* TimelineViewController.swift */,
				65B5AF142891757D007F32DD /* TextCell.swift */,
				3536724B289A6E1E00764E63 /* ExpandAnimation.swift */,
			);
			path = Timeline;
			sourceTree = "<group>";
		};
		65B5AF072890336E007F32DD /* Expand */ = {
			isa = PBXGroup;
			children = (
				65B5AF0828903380007F32DD /* ExpandViewController.swift */,
				65B5AF10289037FC007F32DD /* ExpandView.xib */,
				65B5AF0C289036EB007F32DD /* ExpandViewCell.swift */,
				65B5AF0E28903772007F32DD /* ExpandViewCell.xib */,
			);
			path = Expand;
			sourceTree = "<group>";
		};
		65CF482328882F4600DDED85 /* views */ = {
			isa = PBXGroup;
			children = (
				65B5AF072890336E007F32DD /* Expand */,
				655DFC74288C3B890039426B /* Timeline */,
			);
			path = views;
			sourceTree = "<group>";
		};
/* End PBXGroup section */

/* Begin PBXNativeTarget section */
		357DE2362887D3B600666EB6 /* expand */ = {
			isa = PBXNativeTarget;
			buildConfigurationList = 357DE24B2887D3B800666EB6 /* Build configuration list for PBXNativeTarget "expand" */;
			buildPhases = (
				357DE2332887D3B600666EB6 /* Sources */,
				357DE2342887D3B600666EB6 /* Frameworks */,
				357DE2352887D3B600666EB6 /* Resources */,
			);
			buildRules = (
			);
			dependencies = (
			);
			name = expand;
			productName = expand;
			productReference = 357DE2372887D3B600666EB6 /* expand.app */;
			productType = "com.apple.product-type.application";
		};
/* End PBXNativeTarget section */

/* Begin PBXProject section */
		357DE22F2887D3B600666EB6 /* Project object */ = {
			isa = PBXProject;
			attributes = {
				BuildIndependentTargetsInParallel = 1;
				LastSwiftUpdateCheck = 1340;
				LastUpgradeCheck = 1340;
				TargetAttributes = {
					357DE2362887D3B600666EB6 = {
						CreatedOnToolsVersion = 13.4.1;
					};
				};
			};
			buildConfigurationList = 357DE2322887D3B600666EB6 /* Build configuration list for PBXProject "expand" */;
			compatibilityVersion = "Xcode 13.0";
			developmentRegion = en;
			hasScannedForEncodings = 0;
			knownRegions = (
				en,
				Base,
			);
			mainGroup = 357DE22E2887D3B600666EB6;
			productRefGroup = 357DE2382887D3B600666EB6 /* Products */;
			projectDirPath = "";
			projectRoot = "";
			targets = (
				357DE2362887D3B600666EB6 /* expand */,
			);
		};
/* End PBXProject section */

/* Begin PBXResourcesBuildPhase section */
		357DE2352887D3B600666EB6 /* Resources */ = {
			isa = PBXResourcesBuildPhase;
			buildActionMask = 2147483647;
			files = (
				357DE2472887D3B800666EB6 /* LaunchScreen.storyboard in Resources */,
				65B5AF11289037FC007F32DD /* ExpandView.xib in Resources */,
				357DE2442887D3B800666EB6 /* Assets.xcassets in Resources */,
				65B5AF0F28903772007F32DD /* ExpandViewCell.xib in Resources */,
			);
			runOnlyForDeploymentPostprocessing = 0;
		};
/* End PBXResourcesBuildPhase section */

/* Begin PBXSourcesBuildPhase section */
		357DE2332887D3B600666EB6 /* Sources */ = {
			isa = PBXSourcesBuildPhase;
			buildActionMask = 2147483647;
			files = (
				3536724C289A6E1E00764E63 /* ExpandAnimation.swift in Sources */,
				65B5AF0D289036EB007F32DD /* ExpandViewCell.swift in Sources */,
				357DE23B2887D3B600666EB6 /* AppDelegate.swift in Sources */,
				357DE23D2887D3B600666EB6 /* SceneDelegate.swift in Sources */,
				65B5AF152891757D007F32DD /* TextCell.swift in Sources */,
				65B5AF0228902258007F32DD /* OutlineViewController.swift in Sources */,
				65B5AF0928903380007F32DD /* ExpandViewController.swift in Sources */,
				655DFC76288C3B9F0039426B /* TimelineViewController.swift in Sources */,
			);
			runOnlyForDeploymentPostprocessing = 0;
		};
/* End PBXSourcesBuildPhase section */

/* Begin PBXVariantGroup section */
		357DE2452887D3B800666EB6 /* LaunchScreen.storyboard */ = {
			isa = PBXVariantGroup;
			children = (
				357DE2462887D3B800666EB6 /* Base */,
			);
			name = LaunchScreen.storyboard;
			sourceTree = "<group>";
		};
/* End PBXVariantGroup section */

/* Begin XCBuildConfiguration section */
		357DE2492887D3B800666EB6 /* Debug */ = {
			isa = XCBuildConfiguration;
			buildSettings = {
				ALWAYS_SEARCH_USER_PATHS = NO;
				CLANG_ANALYZER_NONNULL = YES;
				CLANG_ANALYZER_NUMBER_OBJECT_CONVERSION = YES_AGGRESSIVE;
				CLANG_CXX_LANGUAGE_STANDARD = "gnu++17";
				CLANG_ENABLE_MODULES = YES;
				CLANG_ENABLE_OBJC_ARC = YES;
				CLANG_ENABLE_OBJC_WEAK = YES;
				CLANG_WARN_BLOCK_CAPTURE_AUTORELEASING = YES;
				CLANG_WARN_BOOL_CONVERSION = YES;
				CLANG_WARN_COMMA = YES;
				CLANG_WARN_CONSTANT_CONVERSION = YES;
				CLANG_WARN_DEPRECATED_OBJC_IMPLEMENTATIONS = YES;
				CLANG_WARN_DIRECT_OBJC_ISA_USAGE = YES_ERROR;
				CLANG_WARN_DOCUMENTATION_COMMENTS = YES;
				CLANG_WARN_EMPTY_BODY = YES;
				CLANG_WARN_ENUM_CONVERSION = YES;
				CLANG_WARN_INFINITE_RECURSION = YES;
				CLANG_WARN_INT_CONVERSION = YES;
				CLANG_WARN_NON_LITERAL_NULL_CONVERSION = YES;
				CLANG_WARN_OBJC_IMPLICIT_RETAIN_SELF = YES;
				CLANG_WARN_OBJC_LITERAL_CONVERSION = YES;
				CLANG_WARN_OBJC_ROOT_CLASS = YES_ERROR;
				CLANG_WARN_QUOTED_INCLUDE_IN_FRAMEWORK_HEADER = YES;
				CLANG_WARN_RANGE_LOOP_ANALYSIS = YES;
				CLANG_WARN_STRICT_PROTOTYPES = YES;
				CLANG_WARN_SUSPICIOUS_MOVE = YES;
				CLANG_WARN_UNGUARDED_AVAILABILITY = YES_AGGRESSIVE;
				CLANG_WARN_UNREACHABLE_CODE = YES;
				CLANG_WARN__DUPLICATE_METHOD_MATCH = YES;
				COPY_PHASE_STRIP = NO;
				DEBUG_INFORMATION_FORMAT = dwarf;
				ENABLE_STRICT_OBJC_MSGSEND = YES;
				ENABLE_TESTABILITY = YES;
				GCC_C_LANGUAGE_STANDARD = gnu11;
				GCC_DYNAMIC_NO_PIC = NO;
				GCC_NO_COMMON_BLOCKS = YES;
				GCC_OPTIMIZATION_LEVEL = 0;
				GCC_PREPROCESSOR_DEFINITIONS = (
					"DEBUG=1",
					"$(inherited)",
				);
				GCC_WARN_64_TO_32_BIT_CONVERSION = YES;
				GCC_WARN_ABOUT_RETURN_TYPE = YES_ERROR;
				GCC_WARN_UNDECLARED_SELECTOR = YES;
				GCC_WARN_UNINITIALIZED_AUTOS = YES_AGGRESSIVE;
				GCC_WARN_UNUSED_FUNCTION = YES;
				GCC_WARN_UNUSED_VARIABLE = YES;
				IPHONEOS_DEPLOYMENT_TARGET = 15.5;
				MTL_ENABLE_DEBUG_INFO = INCLUDE_SOURCE;
				MTL_FAST_MATH = YES;
				ONLY_ACTIVE_ARCH = YES;
				SDKROOT = iphoneos;
				SWIFT_ACTIVE_COMPILATION_CONDITIONS = DEBUG;
				SWIFT_OPTIMIZATION_LEVEL = "-Onone";
			};
			name = Debug;
		};
		357DE24A2887D3B800666EB6 /* Release */ = {
			isa = XCBuildConfiguration;
			buildSettings = {
				ALWAYS_SEARCH_USER_PATHS = NO;
				CLANG_ANALYZER_NONNULL = YES;
				CLANG_ANALYZER_NUMBER_OBJECT_CONVERSION = YES_AGGRESSIVE;
				CLANG_CXX_LANGUAGE_STANDARD = "gnu++17";
				CLANG_ENABLE_MODULES = YES;
				CLANG_ENABLE_OBJC_ARC = YES;
				CLANG_ENABLE_OBJC_WEAK = YES;
				CLANG_WARN_BLOCK_CAPTURE_AUTORELEASING = YES;
				CLANG_WARN_BOOL_CONVERSION = YES;
				CLANG_WARN_COMMA = YES;
				CLANG_WARN_CONSTANT_CONVERSION = YES;
				CLANG_WARN_DEPRECATED_OBJC_IMPLEMENTATIONS = YES;
				CLANG_WARN_DIRECT_OBJC_ISA_USAGE = YES_ERROR;
				CLANG_WARN_DOCUMENTATION_COMMENTS = YES;
				CLANG_WARN_EMPTY_BODY = YES;
				CLANG_WARN_ENUM_CONVERSION = YES;
				CLANG_WARN_INFINITE_RECURSION = YES;
				CLANG_WARN_INT_CONVERSION = YES;
				CLANG_WARN_NON_LITERAL_NULL_CONVERSION = YES;
				CLANG_WARN_OBJC_IMPLICIT_RETAIN_SELF = YES;
				CLANG_WARN_OBJC_LITERAL_CONVERSION = YES;
				CLANG_WARN_OBJC_ROOT_CLASS = YES_ERROR;
				CLANG_WARN_QUOTED_INCLUDE_IN_FRAMEWORK_HEADER = YES;
				CLANG_WARN_RANGE_LOOP_ANALYSIS = YES;
				CLANG_WARN_STRICT_PROTOTYPES = YES;
				CLANG_WARN_SUSPICIOUS_MOVE = YES;
				CLANG_WARN_UNGUARDED_AVAILABILITY = YES_AGGRESSIVE;
				CLANG_WARN_UNREACHABLE_CODE = YES;
				CLANG_WARN__DUPLICATE_METHOD_MATCH = YES;
				COPY_PHASE_STRIP = NO;
				DEBUG_INFORMATION_FORMAT = "dwarf-with-dsym";
				ENABLE_NS_ASSERTIONS = NO;
				ENABLE_STRICT_OBJC_MSGSEND = YES;
				GCC_C_LANGUAGE_STANDARD = gnu11;
				GCC_NO_COMMON_BLOCKS = YES;
				GCC_WARN_64_TO_32_BIT_CONVERSION = YES;
				GCC_WARN_ABOUT_RETURN_TYPE = YES_ERROR;
				GCC_WARN_UNDECLARED_SELECTOR = YES;
				GCC_WARN_UNINITIALIZED_AUTOS = YES_AGGRESSIVE;
				GCC_WARN_UNUSED_FUNCTION = YES;
				GCC_WARN_UNUSED_VARIABLE = YES;
				IPHONEOS_DEPLOYMENT_TARGET = 15.5;
				MTL_ENABLE_DEBUG_INFO = NO;
				MTL_FAST_MATH = YES;
				SDKROOT = iphoneos;
				SWIFT_COMPILATION_MODE = wholemodule;
				SWIFT_OPTIMIZATION_LEVEL = "-O";
				VALIDATE_PRODUCT = YES;
			};
			name = Release;
		};
		357DE24C2887D3B800666EB6 /* Debug */ = {
			isa = XCBuildConfiguration;
			buildSettings = {
				ASSETCATALOG_COMPILER_APPICON_NAME = AppIcon;
				ASSETCATALOG_COMPILER_GLOBAL_ACCENT_COLOR_NAME = AccentColor;
				CODE_SIGN_STYLE = Automatic;
				CURRENT_PROJECT_VERSION = 1;
				GENERATE_INFOPLIST_FILE = YES;
				INFOPLIST_FILE = expand/Info.plist;
				INFOPLIST_KEY_UIApplicationSupportsIndirectInputEvents = YES;
				INFOPLIST_KEY_UILaunchStoryboardName = LaunchScreen;
				INFOPLIST_KEY_UISupportedInterfaceOrientations_iPad = "UIInterfaceOrientationPortrait UIInterfaceOrientationPortraitUpsideDown UIInterfaceOrientationLandscapeLeft UIInterfaceOrientationLandscapeRight";
				INFOPLIST_KEY_UISupportedInterfaceOrientations_iPhone = "UIInterfaceOrientationPortrait UIInterfaceOrientationLandscapeLeft UIInterfaceOrientationLandscapeRight";
				LD_RUNPATH_SEARCH_PATHS = (
					"$(inherited)",
					"@executable_path/Frameworks",
				);
				MARKETING_VERSION = 1.0;
				PRODUCT_BUNDLE_IDENTIFIER = com.reshawn.expand;
				PRODUCT_NAME = "$(TARGET_NAME)";
				SWIFT_EMIT_LOC_STRINGS = YES;
				SWIFT_VERSION = 5.0;
				TARGETED_DEVICE_FAMILY = 1;
			};
			name = Debug;
		};
		357DE24D2887D3B800666EB6 /* Release */ = {
			isa = XCBuildConfiguration;
			buildSettings = {
				ASSETCATALOG_COMPILER_APPICON_NAME = AppIcon;
				ASSETCATALOG_COMPILER_GLOBAL_ACCENT_COLOR_NAME = AccentColor;
				CODE_SIGN_STYLE = Automatic;
				CURRENT_PROJECT_VERSION = 1;
				GENERATE_INFOPLIST_FILE = YES;
				INFOPLIST_FILE = expand/Info.plist;
				INFOPLIST_KEY_UIApplicationSupportsIndirectInputEvents = YES;
				INFOPLIST_KEY_UILaunchStoryboardName = LaunchScreen;
				INFOPLIST_KEY_UISupportedInterfaceOrientations_iPad = "UIInterfaceOrientationPortrait UIInterfaceOrientationPortraitUpsideDown UIInterfaceOrientationLandscapeLeft UIInterfaceOrientationLandscapeRight";
				INFOPLIST_KEY_UISupportedInterfaceOrientations_iPhone = "UIInterfaceOrientationPortrait UIInterfaceOrientationLandscapeLeft UIInterfaceOrientationLandscapeRight";
				LD_RUNPATH_SEARCH_PATHS = (
					"$(inherited)",
					"@executable_path/Frameworks",
				);
				MARKETING_VERSION = 1.0;
				PRODUCT_BUNDLE_IDENTIFIER = com.reshawn.expand;
				PRODUCT_NAME = "$(TARGET_NAME)";
				SWIFT_EMIT_LOC_STRINGS = YES;
				SWIFT_VERSION = 5.0;
				TARGETED_DEVICE_FAMILY = 1;
			};
			name = Release;
		};
/* End XCBuildConfiguration section */

/* Begin XCConfigurationList section */
		357DE2322887D3B600666EB6 /* Build configuration list for PBXProject "expand" */ = {
			isa = XCConfigurationList;
			buildConfigurations = (
				357DE2492887D3B800666EB6 /* Debug */,
				357DE24A2887D3B800666EB6 /* Release */,
			);
			defaultConfigurationIsVisible = 0;
			defaultConfigurationName = Release;
		};
		357DE24B2887D3B800666EB6 /* Build configuration list for PBXNativeTarget "expand" */ = {
			isa = XCConfigurationList;
			buildConfigurations = (
				357DE24C2887D3B800666EB6 /* Debug */,
				357DE24D2887D3B800666EB6 /* Release */,
			);
			defaultConfigurationIsVisible = 0;
			defaultConfigurationName = Release;
		};
/* End XCConfigurationList section */
	};
	rootObject = 357DE22F2887D3B600666EB6 /* Project object */;
}
